
Microsoft Visual Studio Solution File, Format Version 12.00
# Visual Studio 15
VisualStudioVersion = 15.0.27130.2020
MinimumVisualStudioVersion = 10.0.40219.1
Project("{FAE04EC0-301F-11D3-BF4B-00C04F79EFBC}") = "AngularCRUDMVCApplication", "AngularCRUDMVCApplication\AngularCRUDMVCApplication.csproj", "{1B8DBC6E-8717-469E-AED4-DFAC313DCD12}"
EndProject
Global
	GlobalSection(SolutionConfigurationPlatforms) = preSolution
		Debug|Any CPU = Debug|Any CPU
		Release|Any CPU = Release|Any CPU
	EndGlobalSection
	GlobalSection(ProjectConfigurationPlatforms) = postSolution
		{1B8DBC6E-8717-469E-AED4-DFAC313DCD12}.Debug|Any CPU.ActiveCfg = Debug|Any CPU
		{1B8DBC6E-8717-469E-AED4-DFAC313DCD12}.Debug|Any CPU.Build.0 = Debug|Any CPU
		{1B8DBC6E-8717-469E-AED4-DFAC313DCD12}.Release|Any CPU.ActiveCfg = Release|Any CPU
		{1B8DBC6E-8717-469E-AED4-DFAC313DCD12}.Release|Any CPU.Build.0 = Release|Any CPU
	EndGlobalSection
	GlobalSection(SolutionProperties) = preSolution
		HideSolutionNode = FALSE
	EndGlobalSection
	GlobalSection(ExtensibilityGlobals) = postSolution
		SolutionGuid = {77D9688F-1586-400A-8076-2BA1D309FAE1}
	EndGlobalSection
EndGlobal
